
Microsoft Visual Studio Solution File, Format Version 12.00
# Visual Studio 15
VisualStudioVersion = 15.0.26124.0
MinimumVisualStudioVersion = 15.0.26124.0
Project("{2150E333-8FDC-42A3-9474-1A3956D46DE8}") = "src", "src", "{63C9C54C-4886-4CE5-BFDC-DDD9E828CFC2}"
EndProject
Project("{FAE04EC0-301F-11D3-BF4B-00C04F79EFBC}") = "SimpleApi", "src\SimpleApi\SimpleApi.csproj", "{AD3CADA9-D4F5-4BEF-ABF8-8B4C2EA3387C}"
EndProject
Project("{2150E333-8FDC-42A3-9474-1A3956D46DE8}") = "test", "test", "{027637C2-581B-4381-8168-4D10FC5CAAB0}"
EndProject
Project("{FAE04EC0-301F-11D3-BF4B-00C04F79EFBC}") = "SimpleApi.Test", "test\SimpleApi.Test\SimpleApi.Test.csproj", "{C265D96E-084D-48A1-B426-A9314171454A}"
EndProject
Global
	GlobalSection(SolutionConfigurationPlatforms) = preSolution
		Debug|Any CPU = Debug|Any CPU
		Debug|x64 = Debug|x64
		Debug|x86 = Debug|x86
		Release|Any CPU = Release|Any CPU
		Release|x64 = Release|x64
		Release|x86 = Release|x86
	EndGlobalSection
	GlobalSection(SolutionProperties) = preSolution
		HideSolutionNode = FALSE
	EndGlobalSection
	GlobalSection(ProjectConfigurationPlatforms) = postSolution
		{AD3CADA9-D4F5-4BEF-ABF8-8B4C2EA3387C}.Debug|Any CPU.ActiveCfg = Debug|Any CPU
		{AD3CADA9-D4F5-4BEF-ABF8-8B4C2EA3387C}.Debug|Any CPU.Build.0 = Debug|Any CPU
		{AD3CADA9-D4F5-4BEF-ABF8-8B4C2EA3387C}.Debug|x64.ActiveCfg = Debug|Any CPU
		{AD3CADA9-D4F5-4BEF-ABF8-8B4C2EA3387C}.Debug|x64.Build.0 = Debug|Any CPU
		{AD3CADA9-D4F5-4BEF-ABF8-8B4C2EA3387C}.Debug|x86.ActiveCfg = Debug|Any CPU
		{AD3CADA9-D4F5-4BEF-ABF8-8B4C2EA3387C}.Debug|x86.Build.0 = Debug|Any CPU
		{AD3CADA9-D4F5-4BEF-ABF8-8B4C2EA3387C}.Release|Any CPU.ActiveCfg = Release|Any CPU
		{AD3CADA9-D4F5-4BEF-ABF8-8B4C2EA3387C}.Release|Any CPU.Build.0 = Release|Any CPU
		{AD3CADA9-D4F5-4BEF-ABF8-8B4C2EA3387C}.Release|x64.ActiveCfg = Release|Any CPU
		{AD3CADA9-D4F5-4BEF-ABF8-8B4C2EA3387C}.Release|x64.Build.0 = Release|Any CPU
		{AD3CADA9-D4F5-4BEF-ABF8-8B4C2EA3387C}.Release|x86.ActiveCfg = Release|Any CPU
		{AD3CADA9-D4F5-4BEF-ABF8-8B4C2EA3387C}.Release|x86.Build.0 = Release|Any CPU
		{C265D96E-084D-48A1-B426-A9314171454A}.Debug|Any CPU.ActiveCfg = Debug|Any CPU
		{C265D96E-084D-48A1-B426-A9314171454A}.Debug|Any CPU.Build.0 = Debug|Any CPU
		{C265D96E-084D-48A1-B426-A9314171454A}.Debug|x64.ActiveCfg = Debug|Any CPU
		{C265D96E-084D-48A1-B426-A9314171454A}.Debug|x64.Build.0 = Debug|Any CPU
		{C265D96E-084D-48A1-B426-A9314171454A}.Debug|x86.ActiveCfg = Debug|Any CPU
		{C265D96E-084D-48A1-B426-A9314171454A}.Debug|x86.Build.0 = Debug|Any CPU
		{C265D96E-084D-48A1-B426-A9314171454A}.Release|Any CPU.ActiveCfg = Release|Any CPU
		{C265D96E-084D-48A1-B426-A9314171454A}.Release|Any CPU.Build.0 = Release|Any CPU
		{C265D96E-084D-48A1-B426-A9314171454A}.Release|x64.ActiveCfg = Release|Any CPU
		{C265D96E-084D-48A1-B426-A9314171454A}.Release|x64.Build.0 = Release|Any CPU
		{C265D96E-084D-48A1-B426-A9314171454A}.Release|x86.ActiveCfg = Release|Any CPU
		{C265D96E-084D-48A1-B426-A9314171454A}.Release|x86.Build.0 = Release|Any CPU
	EndGlobalSection
	GlobalSection(NestedProjects) = preSolution
		{AD3CADA9-D4F5-4BEF-ABF8-8B4C2EA3387C} = {63C9C54C-4886-4CE5-BFDC-DDD9E828CFC2}
		{C265D96E-084D-48A1-B426-A9314171454A} = {027637C2-581B-4381-8168-4D10FC5CAAB0}
	EndGlobalSection
EndGlobal
